// !$*UTF8*$!
{
	archiveVersion = 1;
	classes = {
	};
	objectVersion = 50;
	objects = {

/* Begin PBXBuildFile section */
		9406C88CDC9AE95C0DC6F782 /* Pods_LBookTests.framework in Frameworks */ = {isa = PBXBuildFile; fileRef = 24435F9FECB17415B0D37BFE /* Pods_LBookTests.framework */; };
		A4315E9A224AE662007EAB91 /* CloudKit.framework in Frameworks */ = {isa = PBXBuildFile; fileRef = A4315E99224AE662007EAB91 /* CloudKit.framework */; };
		A455B1A0224E269D00BE23F6 /* LessonBookX.xcdatamodeld in Sources */ = {isa = PBXBuildFile; fileRef = A455B19E224E269D00BE23F6 /* LessonBookX.xcdatamodeld */; };
		A455B1A2225049BB00BE23F6 /* StoreKit.framework in Frameworks */ = {isa = PBXBuildFile; fileRef = A455B1A1225049BB00BE23F6 /* StoreKit.framework */; };
		A455B1A42252D2C700BE23F6 /* LessonViewController.swift in Sources */ = {isa = PBXBuildFile; fileRef = A455B1A32252D2C700BE23F6 /* LessonViewController.swift */; };
		A479B0CA2249AD14009F4BB9 /* AppDelegate.swift in Sources */ = {isa = PBXBuildFile; fileRef = A479B0C92249AD14009F4BB9 /* AppDelegate.swift */; };
		A479B0CC2249AD14009F4BB9 /* ViewController.swift in Sources */ = {isa = PBXBuildFile; fileRef = A479B0CB2249AD14009F4BB9 /* ViewController.swift */; };
		A479B0D12249AD15009F4BB9 /* Assets.xcassets in Resources */ = {isa = PBXBuildFile; fileRef = A479B0D02249AD15009F4BB9 /* Assets.xcassets */; };
		A479B0D42249AD15009F4BB9 /* Main.storyboard in Resources */ = {isa = PBXBuildFile; fileRef = A479B0D22249AD15009F4BB9 /* Main.storyboard */; };
		A479B0E02249AD15009F4BB9 /* LBookTests.swift in Sources */ = {isa = PBXBuildFile; fileRef = A479B0DF2249AD15009F4BB9 /* LBookTests.swift */; };
		A479B0EB2249AD15009F4BB9 /* LBookUITests.swift in Sources */ = {isa = PBXBuildFile; fileRef = A479B0EA2249AD15009F4BB9 /* LBookUITests.swift */; };
		ED9B311A51481A539B472F32 /* Pods_LBookUITests.framework in Frameworks */ = {isa = PBXBuildFile; fileRef = 59C98B6004ACE2E0101B0409 /* Pods_LBookUITests.framework */; };
		F6F3DE88B960F8A43960DA59 /* Pods_LBook.framework in Frameworks */ = {isa = PBXBuildFile; fileRef = CA9929FC13B626303E59966A /* Pods_LBook.framework */; };
/* End PBXBuildFile section */

/* Begin PBXContainerItemProxy section */
		A479B0DC2249AD15009F4BB9 /* PBXContainerItemProxy */ = {
			isa = PBXContainerItemProxy;
			containerPortal = A479B0BE2249AD14009F4BB9 /* Project object */;
			proxyType = 1;
			remoteGlobalIDString = A479B0C52249AD14009F4BB9;
			remoteInfo = LBook;
		};
		A479B0E72249AD15009F4BB9 /* PBXContainerItemProxy */ = {
			isa = PBXContainerItemProxy;
			containerPortal = A479B0BE2249AD14009F4BB9 /* Project object */;
			proxyType = 1;
			remoteGlobalIDString = A479B0C52249AD14009F4BB9;
			remoteInfo = LBook;
		};
/* End PBXContainerItemProxy section */

/* Begin PBXFileReference section */
		114EB9EEE72F92551D7CBBC9 /* Pods-LBookTests.release.xcconfig */ = {isa = PBXFileReference; includeInIndex = 1; lastKnownFileType = text.xcconfig; name = "Pods-LBookTests.release.xcconfig"; path = "Pods/Target Support Files/Pods-LBookTests/Pods-LBookTests.release.xcconfig"; sourceTree = "<group>"; };
		24435F9FECB17415B0D37BFE /* Pods_LBookTests.framework */ = {isa = PBXFileReference; explicitFileType = wrapper.framework; includeInIndex = 0; path = Pods_LBookTests.framework; sourceTree = BUILT_PRODUCTS_DIR; };
		40B38F37968DADBED2FA9831 /* Pods-LBook.release.xcconfig */ = {isa = PBXFileReference; includeInIndex = 1; lastKnownFileType = text.xcconfig; name = "Pods-LBook.release.xcconfig"; path = "Pods/Target Support Files/Pods-LBook/Pods-LBook.release.xcconfig"; sourceTree = "<group>"; };
		53A723408006D067F5169E34 /* Pods-LBook.debug.xcconfig */ = {isa = PBXFileReference; includeInIndex = 1; lastKnownFileType = text.xcconfig; name = "Pods-LBook.debug.xcconfig"; path = "Pods/Target Support Files/Pods-LBook/Pods-LBook.debug.xcconfig"; sourceTree = "<group>"; };
		59C98B6004ACE2E0101B0409 /* Pods_LBookUITests.framework */ = {isa = PBXFileReference; explicitFileType = wrapper.framework; includeInIndex = 0; path = Pods_LBookUITests.framework; sourceTree = BUILT_PRODUCTS_DIR; };
		6C03EFE053F3ABC5A5B614F8 /* Pods-LBookUITests.debug.xcconfig */ = {isa = PBXFileReference; includeInIndex = 1; lastKnownFileType = text.xcconfig; name = "Pods-LBookUITests.debug.xcconfig"; path = "Pods/Target Support Files/Pods-LBookUITests/Pods-LBookUITests.debug.xcconfig"; sourceTree = "<group>"; };
		81B442B6E89AB932854E6200 /* Pods-LBookTests.debug.xcconfig */ = {isa = PBXFileReference; includeInIndex = 1; lastKnownFileType = text.xcconfig; name = "Pods-LBookTests.debug.xcconfig"; path = "Pods/Target Support Files/Pods-LBookTests/Pods-LBookTests.debug.xcconfig"; sourceTree = "<group>"; };
		A4315E99224AE662007EAB91 /* CloudKit.framework */ = {isa = PBXFileReference; lastKnownFileType = wrapper.framework; name = CloudKit.framework; path = System/Library/Frameworks/CloudKit.framework; sourceTree = SDKROOT; };
		A455B19F224E269D00BE23F6 /* LessonBookX.xcdatamodel */ = {isa = PBXFileReference; lastKnownFileType = wrapper.xcdatamodel; path = LessonBookX.xcdatamodel; sourceTree = "<group>"; };
		A455B1A1225049BB00BE23F6 /* StoreKit.framework */ = {isa = PBXFileReference; lastKnownFileType = wrapper.framework; name = StoreKit.framework; path = System/Library/Frameworks/StoreKit.framework; sourceTree = SDKROOT; };
		A455B1A32252D2C700BE23F6 /* LessonViewController.swift */ = {isa = PBXFileReference; lastKnownFileType = sourcecode.swift; path = LessonViewController.swift; sourceTree = "<group>"; };
		A479B0C62249AD14009F4BB9 /* LBook.app */ = {isa = PBXFileReference; explicitFileType = wrapper.application; includeInIndex = 0; path = LBook.app; sourceTree = BUILT_PRODUCTS_DIR; };
		A479B0C92249AD14009F4BB9 /* AppDelegate.swift */ = {isa = PBXFileReference; lastKnownFileType = sourcecode.swift; path = AppDelegate.swift; sourceTree = "<group>"; };
		A479B0CB2249AD14009F4BB9 /* ViewController.swift */ = {isa = PBXFileReference; lastKnownFileType = sourcecode.swift; path = ViewController.swift; sourceTree = "<group>"; };
		A479B0D02249AD15009F4BB9 /* Assets.xcassets */ = {isa = PBXFileReference; lastKnownFileType = folder.assetcatalog; path = Assets.xcassets; sourceTree = "<group>"; };
		A479B0D32249AD15009F4BB9 /* Base */ = {isa = PBXFileReference; lastKnownFileType = file.storyboard; name = Base; path = Base.lproj/Main.storyboard; sourceTree = "<group>"; };
		A479B0D52249AD15009F4BB9 /* Info.plist */ = {isa = PBXFileReference; lastKnownFileType = text.plist.xml; path = Info.plist; sourceTree = "<group>"; };
		A479B0D62249AD15009F4BB9 /* LBook.entitlements */ = {isa = PBXFileReference; lastKnownFileType = text.plist.entitlements; path = LBook.entitlements; sourceTree = "<group>"; };
		A479B0DB2249AD15009F4BB9 /* LBookTests.xctest */ = {isa = PBXFileReference; explicitFileType = wrapper.cfbundle; includeInIndex = 0; path = LBookTests.xctest; sourceTree = BUILT_PRODUCTS_DIR; };
		A479B0DF2249AD15009F4BB9 /* LBookTests.swift */ = {isa = PBXFileReference; lastKnownFileType = sourcecode.swift; path = LBookTests.swift; sourceTree = "<group>"; };
		A479B0E12249AD15009F4BB9 /* Info.plist */ = {isa = PBXFileReference; lastKnownFileType = text.plist.xml; path = Info.plist; sourceTree = "<group>"; };
		A479B0E62249AD15009F4BB9 /* LBookUITests.xctest */ = {isa = PBXFileReference; explicitFileType = wrapper.cfbundle; includeInIndex = 0; path = LBookUITests.xctest; sourceTree = BUILT_PRODUCTS_DIR; };
		A479B0EA2249AD15009F4BB9 /* LBookUITests.swift */ = {isa = PBXFileReference; lastKnownFileType = sourcecode.swift; path = LBookUITests.swift; sourceTree = "<group>"; };
		A479B0EC2249AD15009F4BB9 /* Info.plist */ = {isa = PBXFileReference; lastKnownFileType = text.plist.xml; path = Info.plist; sourceTree = "<group>"; };
		CA9929FC13B626303E59966A /* Pods_LBook.framework */ = {isa = PBXFileReference; explicitFileType = wrapper.framework; includeInIndex = 0; path = Pods_LBook.framework; sourceTree = BUILT_PRODUCTS_DIR; };
		FC92567E01341713B063BFFF /* Pods-LBookUITests.release.xcconfig */ = {isa = PBXFileReference; includeInIndex = 1; lastKnownFileType = text.xcconfig; name = "Pods-LBookUITests.release.xcconfig"; path = "Pods/Target Support Files/Pods-LBookUITests/Pods-LBookUITests.release.xcconfig"; sourceTree = "<group>"; };
/* End PBXFileReference section */

/* Begin PBXFrameworksBuildPhase section */
		A479B0C32249AD14009F4BB9 /* Frameworks */ = {
			isa = PBXFrameworksBuildPhase;
			buildActionMask = 2147483647;
			files = (
				A455B1A2225049BB00BE23F6 /* StoreKit.framework in Frameworks */,
				F6F3DE88B960F8A43960DA59 /* Pods_LBook.framework in Frameworks */,
				A4315E9A224AE662007EAB91 /* CloudKit.framework in Frameworks */,
			);
			runOnlyForDeploymentPostprocessing = 0;
		};
		A479B0D82249AD15009F4BB9 /* Frameworks */ = {
			isa = PBXFrameworksBuildPhase;
			buildActionMask = 2147483647;
			files = (
				9406C88CDC9AE95C0DC6F782 /* Pods_LBookTests.framework in Frameworks */,
			);
			runOnlyForDeploymentPostprocessing = 0;
		};
		A479B0E32249AD15009F4BB9 /* Frameworks */ = {
			isa = PBXFrameworksBuildPhase;
			buildActionMask = 2147483647;
			files = (
				ED9B311A51481A539B472F32 /* Pods_LBookUITests.framework in Frameworks */,
			);
			runOnlyForDeploymentPostprocessing = 0;
		};
/* End PBXFrameworksBuildPhase section */

/* Begin PBXGroup section */
		180C0C41BD898E55D1A2A1A8 /* Pods */ = {
			isa = PBXGroup;
			children = (
				53A723408006D067F5169E34 /* Pods-LBook.debug.xcconfig */,
				40B38F37968DADBED2FA9831 /* Pods-LBook.release.xcconfig */,
				81B442B6E89AB932854E6200 /* Pods-LBookTests.debug.xcconfig */,
				114EB9EEE72F92551D7CBBC9 /* Pods-LBookTests.release.xcconfig */,
				6C03EFE053F3ABC5A5B614F8 /* Pods-LBookUITests.debug.xcconfig */,
				FC92567E01341713B063BFFF /* Pods-LBookUITests.release.xcconfig */,
			);
			name = Pods;
			sourceTree = "<group>";
		};
		5EA3ACBAD53A1B57D037C3A4 /* Frameworks */ = {
			isa = PBXGroup;
			children = (
				A455B1A1225049BB00BE23F6 /* StoreKit.framework */,
				A4315E99224AE662007EAB91 /* CloudKit.framework */,
				CA9929FC13B626303E59966A /* Pods_LBook.framework */,
				24435F9FECB17415B0D37BFE /* Pods_LBookTests.framework */,
				59C98B6004ACE2E0101B0409 /* Pods_LBookUITests.framework */,
			);
			name = Frameworks;
			sourceTree = "<group>";
		};
		A479B0BD2249AD14009F4BB9 = {
			isa = PBXGroup;
			children = (
				A479B0C82249AD14009F4BB9 /* LBook */,
				A479B0DE2249AD15009F4BB9 /* LBookTests */,
				A479B0E92249AD15009F4BB9 /* LBookUITests */,
				A479B0C72249AD14009F4BB9 /* Products */,
				180C0C41BD898E55D1A2A1A8 /* Pods */,
				5EA3ACBAD53A1B57D037C3A4 /* Frameworks */,
			);
			sourceTree = "<group>";
		};
		A479B0C72249AD14009F4BB9 /* Products */ = {
			isa = PBXGroup;
			children = (
				A479B0C62249AD14009F4BB9 /* LBook.app */,
				A479B0DB2249AD15009F4BB9 /* LBookTests.xctest */,
				A479B0E62249AD15009F4BB9 /* LBookUITests.xctest */,
			);
			name = Products;
			sourceTree = "<group>";
		};
		A479B0C82249AD14009F4BB9 /* LBook */ = {
			isa = PBXGroup;
			children = (
				A455B19E224E269D00BE23F6 /* LessonBookX.xcdatamodeld */,
				A479B0C92249AD14009F4BB9 /* AppDelegate.swift */,
				A479B0CB2249AD14009F4BB9 /* ViewController.swift */,
				A455B1A32252D2C700BE23F6 /* LessonViewController.swift */,
				A479B0D02249AD15009F4BB9 /* Assets.xcassets */,
				A479B0D22249AD15009F4BB9 /* Main.storyboard */,
				A479B0D52249AD15009F4BB9 /* Info.plist */,
				A479B0D62249AD15009F4BB9 /* LBook.entitlements */,
			);
			path = LBook;
			sourceTree = "<group>";
		};
		A479B0DE2249AD15009F4BB9 /* LBookTests */ = {
			isa = PBXGroup;
			children = (
				A479B0DF2249AD15009F4BB9 /* LBookTests.swift */,
				A479B0E12249AD15009F4BB9 /* Info.plist */,
			);
			path = LBookTests;
			sourceTree = "<group>";
		};
		A479B0E92249AD15009F4BB9 /* LBookUITests */ = {
			isa = PBXGroup;
			children = (
				A479B0EA2249AD15009F4BB9 /* LBookUITests.swift */,
				A479B0EC2249AD15009F4BB9 /* Info.plist */,
			);
			path = LBookUITests;
			sourceTree = "<group>";
		};
/* End PBXGroup section */

/* Begin PBXNativeTarget section */
		A479B0C52249AD14009F4BB9 /* LBook */ = {
			isa = PBXNativeTarget;
			buildConfigurationList = A479B0EF2249AD15009F4BB9 /* Build configuration list for PBXNativeTarget "LBook" */;
			buildPhases = (
				3EB43625381C55095D508099 /* [CP] Check Pods Manifest.lock */,
				A479B0C22249AD14009F4BB9 /* Sources */,
				A479B0C32249AD14009F4BB9 /* Frameworks */,
				A479B0C42249AD14009F4BB9 /* Resources */,
			);
			buildRules = (
			);
			dependencies = (
			);
			name = LBook;
			productName = LBook;
			productReference = A479B0C62249AD14009F4BB9 /* LBook.app */;
			productType = "com.apple.product-type.application";
		};
		A479B0DA2249AD15009F4BB9 /* LBookTests */ = {
			isa = PBXNativeTarget;
			buildConfigurationList = A479B0F22249AD15009F4BB9 /* Build configuration list for PBXNativeTarget "LBookTests" */;
			buildPhases = (
				0E911868FF6E742FF536B6A3 /* [CP] Check Pods Manifest.lock */,
				A479B0D72249AD15009F4BB9 /* Sources */,
				A479B0D82249AD15009F4BB9 /* Frameworks */,
				A479B0D92249AD15009F4BB9 /* Resources */,
			);
			buildRules = (
			);
			dependencies = (
				A479B0DD2249AD15009F4BB9 /* PBXTargetDependency */,
			);
			name = LBookTests;
			productName = LBookTests;
			productReference = A479B0DB2249AD15009F4BB9 /* LBookTests.xctest */;
			productType = "com.apple.product-type.bundle.unit-test";
		};
		A479B0E52249AD15009F4BB9 /* LBookUITests */ = {
			isa = PBXNativeTarget;
			buildConfigurationList = A479B0F52249AD15009F4BB9 /* Build configuration list for PBXNativeTarget "LBookUITests" */;
			buildPhases = (
				2AB677BBF6CFDEAF65EB0F3E /* [CP] Check Pods Manifest.lock */,
				A479B0E22249AD15009F4BB9 /* Sources */,
				A479B0E32249AD15009F4BB9 /* Frameworks */,
				A479B0E42249AD15009F4BB9 /* Resources */,
			);
			buildRules = (
			);
			dependencies = (
				A479B0E82249AD15009F4BB9 /* PBXTargetDependency */,
			);
			name = LBookUITests;
			productName = LBookUITests;
			productReference = A479B0E62249AD15009F4BB9 /* LBookUITests.xctest */;
			productType = "com.apple.product-type.bundle.ui-testing";
		};
/* End PBXNativeTarget section */

/* Begin PBXProject section */
		A479B0BE2249AD14009F4BB9 /* Project object */ = {
			isa = PBXProject;
			attributes = {
				LastSwiftUpdateCheck = 1010;
				LastUpgradeCheck = 1010;
				ORGANIZATIONNAME = "Michael Toth";
				TargetAttributes = {
					A479B0C52249AD14009F4BB9 = {
						CreatedOnToolsVersion = 10.1;
						SystemCapabilities = {
							com.apple.InAppPurchase = {
								enabled = 1;
							};
							com.apple.Push = {
								enabled = 1;
							};
							com.apple.iCloud = {
								enabled = 1;
							};
						};
					};
					A479B0DA2249AD15009F4BB9 = {
						CreatedOnToolsVersion = 10.1;
						TestTargetID = A479B0C52249AD14009F4BB9;
					};
					A479B0E52249AD15009F4BB9 = {
						CreatedOnToolsVersion = 10.1;
						TestTargetID = A479B0C52249AD14009F4BB9;
					};
				};
			};
			buildConfigurationList = A479B0C12249AD14009F4BB9 /* Build configuration list for PBXProject "LBook" */;
			compatibilityVersion = "Xcode 9.3";
			developmentRegion = en;
			hasScannedForEncodings = 0;
			knownRegions = (
				en,
				Base,
			);
			mainGroup = A479B0BD2249AD14009F4BB9;
			productRefGroup = A479B0C72249AD14009F4BB9 /* Products */;
			projectDirPath = "";
			projectRoot = "";
			targets = (
				A479B0C52249AD14009F4BB9 /* LBook */,
				A479B0DA2249AD15009F4BB9 /* LBookTests */,
				A479B0E52249AD15009F4BB9 /* LBookUITests */,
			);
		};
/* End PBXProject section */

/* Begin PBXResourcesBuildPhase section */
		A479B0C42249AD14009F4BB9 /* Resources */ = {
			isa = PBXResourcesBuildPhase;
			buildActionMask = 2147483647;
			files = (
				A479B0D12249AD15009F4BB9 /* Assets.xcassets in Resources */,
				A479B0D42249AD15009F4BB9 /* Main.storyboard in Resources */,
			);
			runOnlyForDeploymentPostprocessing = 0;
		};
		A479B0D92249AD15009F4BB9 /* Resources */ = {
			isa = PBXResourcesBuildPhase;
			buildActionMask = 2147483647;
			files = (
			);
			runOnlyForDeploymentPostprocessing = 0;
		};
		A479B0E42249AD15009F4BB9 /* Resources */ = {
			isa = PBXResourcesBuildPhase;
			buildActionMask = 2147483647;
			files = (
			);
			runOnlyForDeploymentPostprocessing = 0;
		};
/* End PBXResourcesBuildPhase section */

/* Begin PBXShellScriptBuildPhase section */
		0E911868FF6E742FF536B6A3 /* [CP] Check Pods Manifest.lock */ = {
			isa = PBXShellScriptBuildPhase;
			buildActionMask = 2147483647;
			files = (
			);
			inputFileListPaths = (
			);
			inputPaths = (
				"${PODS_PODFILE_DIR_PATH}/Podfile.lock",
				"${PODS_ROOT}/Manifest.lock",
			);
			name = "[CP] Check Pods Manifest.lock";
			outputFileListPaths = (
			);
			outputPaths = (
				"$(DERIVED_FILE_DIR)/Pods-LBookTests-checkManifestLockResult.txt",
			);
			runOnlyForDeploymentPostprocessing = 0;
			shellPath = /bin/sh;
			shellScript = "diff \"${PODS_PODFILE_DIR_PATH}/Podfile.lock\" \"${PODS_ROOT}/Manifest.lock\" > /dev/null\nif [ $? != 0 ] ; then\n    # print error to STDERR\n    echo \"error: The sandbox is not in sync with the Podfile.lock. Run 'pod install' or update your CocoaPods installation.\" >&2\n    exit 1\nfi\n# This output is used by Xcode 'outputs' to avoid re-running this script phase.\necho \"SUCCESS\" > \"${SCRIPT_OUTPUT_FILE_0}\"\n";
			showEnvVarsInLog = 0;
		};
		2AB677BBF6CFDEAF65EB0F3E /* [CP] Check Pods Manifest.lock */ = {
			isa = PBXShellScriptBuildPhase;
			buildActionMask = 2147483647;
			files = (
			);
			inputFileListPaths = (
			);
			inputPaths = (
				"${PODS_PODFILE_DIR_PATH}/Podfile.lock",
				"${PODS_ROOT}/Manifest.lock",
			);
			name = "[CP] Check Pods Manifest.lock";
			outputFileListPaths = (
			);
			outputPaths = (
				"$(DERIVED_FILE_DIR)/Pods-LBookUITests-checkManifestLockResult.txt",
			);
			runOnlyForDeploymentPostprocessing = 0;
			shellPath = /bin/sh;
			shellScript = "diff \"${PODS_PODFILE_DIR_PATH}/Podfile.lock\" \"${PODS_ROOT}/Manifest.lock\" > /dev/null\nif [ $? != 0 ] ; then\n    # print error to STDERR\n    echo \"error: The sandbox is not in sync with the Podfile.lock. Run 'pod install' or update your CocoaPods installation.\" >&2\n    exit 1\nfi\n# This output is used by Xcode 'outputs' to avoid re-running this script phase.\necho \"SUCCESS\" > \"${SCRIPT_OUTPUT_FILE_0}\"\n";
			showEnvVarsInLog = 0;
		};
		3EB43625381C55095D508099 /* [CP] Check Pods Manifest.lock */ = {
			isa = PBXShellScriptBuildPhase;
			buildActionMask = 2147483647;
			files = (
			);
			inputFileListPaths = (
			);
			inputPaths = (
				"${PODS_PODFILE_DIR_PATH}/Podfile.lock",
				"${PODS_ROOT}/Manifest.lock",
			);
			name = "[CP] Check Pods Manifest.lock";
			outputFileListPaths = (
			);
			outputPaths = (
				"$(DERIVED_FILE_DIR)/Pods-LBook-checkManifestLockResult.txt",
			);
			runOnlyForDeploymentPostprocessing = 0;
			shellPath = /bin/sh;
			shellScript = "diff \"${PODS_PODFILE_DIR_PATH}/Podfile.lock\" \"${PODS_ROOT}/Manifest.lock\" > /dev/null\nif [ $? != 0 ] ; then\n    # print error to STDERR\n    echo \"error: The sandbox is not in sync with the Podfile.lock. Run 'pod install' or update your CocoaPods installation.\" >&2\n    exit 1\nfi\n# This output is used by Xcode 'outputs' to avoid re-running this script phase.\necho \"SUCCESS\" > \"${SCRIPT_OUTPUT_FILE_0}\"\n";
			showEnvVarsInLog = 0;
		};
/* End PBXShellScriptBuildPhase section */

/* Begin PBXSourcesBuildPhase section */
		A479B0C22249AD14009F4BB9 /* Sources */ = {
			isa = PBXSourcesBuildPhase;
			buildActionMask = 2147483647;
			files = (
				A455B1A42252D2C700BE23F6 /* LessonViewController.swift in Sources */,
				A479B0CC2249AD14009F4BB9 /* ViewController.swift in Sources */,
				A479B0CA2249AD14009F4BB9 /* AppDelegate.swift in Sources */,
				A455B1A0224E269D00BE23F6 /* LessonBookX.xcdatamodeld in Sources */,
			);
			runOnlyForDeploymentPostprocessing = 0;
		};
		A479B0D72249AD15009F4BB9 /* Sources */ = {
			isa = PBXSourcesBuildPhase;
			buildActionMask = 2147483647;
			files = (
				A479B0E02249AD15009F4BB9 /* LBookTests.swift in Sources */,
			);
			runOnlyForDeploymentPostprocessing = 0;
		};
		A479B0E22249AD15009F4BB9 /* Sources */ = {
			isa = PBXSourcesBuildPhase;
			buildActionMask = 2147483647;
			files = (
				A479B0EB2249AD15009F4BB9 /* LBookUITests.swift in Sources */,
			);
			runOnlyForDeploymentPostprocessing = 0;
		};
/* End PBXSourcesBuildPhase section */

/* Begin PBXTargetDependency section */
		A479B0DD2249AD15009F4BB9 /* PBXTargetDependency */ = {
			isa = PBXTargetDependency;
			target = A479B0C52249AD14009F4BB9 /* LBook */;
			targetProxy = A479B0DC2249AD15009F4BB9 /* PBXContainerItemProxy */;
		};
		A479B0E82249AD15009F4BB9 /* PBXTargetDependency */ = {
			isa = PBXTargetDependency;
			target = A479B0C52249AD14009F4BB9 /* LBook */;
			targetProxy = A479B0E72249AD15009F4BB9 /* PBXContainerItemProxy */;
		};
/* End PBXTargetDependency section */

/* Begin PBXVariantGroup section */
		A479B0D22249AD15009F4BB9 /* Main.storyboard */ = {
			isa = PBXVariantGroup;
			children = (
				A479B0D32249AD15009F4BB9 /* Base */,
			);
			name = Main.storyboard;
			sourceTree = "<group>";
		};
/* End PBXVariantGroup section */

/* Begin XCBuildConfiguration section */
		A479B0ED2249AD15009F4BB9 /* Debug */ = {
			isa = XCBuildConfiguration;
			buildSettings = {
				ALWAYS_SEARCH_USER_PATHS = NO;
				CLANG_ANALYZER_NONNULL = YES;
				CLANG_ANALYZER_NUMBER_OBJECT_CONVERSION = YES_AGGRESSIVE;
				CLANG_CXX_LANGUAGE_STANDARD = "gnu++14";
				CLANG_CXX_LIBRARY = "libc++";
				CLANG_ENABLE_MODULES = YES;
				CLANG_ENABLE_OBJC_ARC = YES;
				CLANG_ENABLE_OBJC_WEAK = YES;
				CLANG_WARN_BLOCK_CAPTURE_AUTORELEASING = YES;
				CLANG_WARN_BOOL_CONVERSION = YES;
				CLANG_WARN_COMMA = YES;
				CLANG_WARN_CONSTANT_CONVERSION = YES;
				CLANG_WARN_DEPRECATED_OBJC_IMPLEMENTATIONS = YES;
				CLANG_WARN_DIRECT_OBJC_ISA_USAGE = YES_ERROR;
				CLANG_WARN_DOCUMENTATION_COMMENTS = YES;
				CLANG_WARN_EMPTY_BODY = YES;
				CLANG_WARN_ENUM_CONVERSION = YES;
				CLANG_WARN_INFINITE_RECURSION = YES;
				CLANG_WARN_INT_CONVERSION = YES;
				CLANG_WARN_NON_LITERAL_NULL_CONVERSION = YES;
				CLANG_WARN_OBJC_IMPLICIT_RETAIN_SELF = YES;
				CLANG_WARN_OBJC_LITERAL_CONVERSION = YES;
				CLANG_WARN_OBJC_ROOT_CLASS = YES_ERROR;
				CLANG_WARN_RANGE_LOOP_ANALYSIS = YES;
				CLANG_WARN_STRICT_PROTOTYPES = YES;
				CLANG_WARN_SUSPICIOUS_MOVE = YES;
				CLANG_WARN_UNGUARDED_AVAILABILITY = YES_AGGRESSIVE;
				CLANG_WARN_UNREACHABLE_CODE = YES;
				CLANG_WARN__DUPLICATE_METHOD_MATCH = YES;
				CODE_SIGN_IDENTITY = "Mac Developer";
				COPY_PHASE_STRIP = NO;
				DEBUG_INFORMATION_FORMAT = dwarf;
				ENABLE_STRICT_OBJC_MSGSEND = YES;
				ENABLE_TESTABILITY = YES;
				GCC_C_LANGUAGE_STANDARD = gnu11;
				GCC_DYNAMIC_NO_PIC = NO;
				GCC_NO_COMMON_BLOCKS = YES;
				GCC_OPTIMIZATION_LEVEL = 0;
				GCC_PREPROCESSOR_DEFINITIONS = (
					"DEBUG=1",
					"$(inherited)",
				);
				GCC_WARN_64_TO_32_BIT_CONVERSION = YES;
				GCC_WARN_ABOUT_RETURN_TYPE = YES_ERROR;
				GCC_WARN_UNDECLARED_SELECTOR = YES;
				GCC_WARN_UNINITIALIZED_AUTOS = YES_AGGRESSIVE;
				GCC_WARN_UNUSED_FUNCTION = YES;
				GCC_WARN_UNUSED_VARIABLE = YES;
				MACOSX_DEPLOYMENT_TARGET = 10.14;
				MTL_ENABLE_DEBUG_INFO = INCLUDE_SOURCE;
				MTL_FAST_MATH = YES;
				ONLY_ACTIVE_ARCH = YES;
				SDKROOT = macosx;
				SWIFT_ACTIVE_COMPILATION_CONDITIONS = DEBUG;
				SWIFT_OPTIMIZATION_LEVEL = "-Onone";
			};
			name = Debug;
		};
		A479B0EE2249AD15009F4BB9 /* Release */ = {
			isa = XCBuildConfiguration;
			buildSettings = {
				ALWAYS_SEARCH_USER_PATHS = NO;
				CLANG_ANALYZER_NONNULL = YES;
				CLANG_ANALYZER_NUMBER_OBJECT_CONVERSION = YES_AGGRESSIVE;
				CLANG_CXX_LANGUAGE_STANDARD = "gnu++14";
				CLANG_CXX_LIBRARY = "libc++";
				CLANG_ENABLE_MODULES = YES;
				CLANG_ENABLE_OBJC_ARC = YES;
				CLANG_ENABLE_OBJC_WEAK = YES;
				CLANG_WARN_BLOCK_CAPTURE_AUTORELEASING = YES;
				CLANG_WARN_BOOL_CONVERSION = YES;
				CLANG_WARN_COMMA = YES;
				CLANG_WARN_CONSTANT_CONVERSION = YES;
				CLANG_WARN_DEPRECATED_OBJC_IMPLEMENTATIONS = YES;
				CLANG_WARN_DIRECT_OBJC_ISA_USAGE = YES_ERROR;
				CLANG_WARN_DOCUMENTATION_COMMENTS = YES;
				CLANG_WARN_EMPTY_BODY = YES;
				CLANG_WARN_ENUM_CONVERSION = YES;
				CLANG_WARN_INFINITE_RECURSION = YES;
				CLANG_WARN_INT_CONVERSION = YES;
				CLANG_WARN_NON_LITERAL_NULL_CONVERSION = YES;
				CLANG_WARN_OBJC_IMPLICIT_RETAIN_SELF = YES;
				CLANG_WARN_OBJC_LITERAL_CONVERSION = YES;
				CLANG_WARN_OBJC_ROOT_CLASS = YES_ERROR;
				CLANG_WARN_RANGE_LOOP_ANALYSIS = YES;
				CLANG_WARN_STRICT_PROTOTYPES = YES;
				CLANG_WARN_SUSPICIOUS_MOVE = YES;
				CLANG_WARN_UNGUARDED_AVAILABILITY = YES_AGGRESSIVE;
				CLANG_WARN_UNREACHABLE_CODE = YES;
				CLANG_WARN__DUPLICATE_METHOD_MATCH = YES;
				CODE_SIGN_IDENTITY = "Mac Developer";
				COPY_PHASE_STRIP = NO;
				DEBUG_INFORMATION_FORMAT = "dwarf-with-dsym";
				ENABLE_NS_ASSERTIONS = NO;
				ENABLE_STRICT_OBJC_MSGSEND = YES;
				GCC_C_LANGUAGE_STANDARD = gnu11;
				GCC_NO_COMMON_BLOCKS = YES;
				GCC_WARN_64_TO_32_BIT_CONVERSION = YES;
				GCC_WARN_ABOUT_RETURN_TYPE = YES_ERROR;
				GCC_WARN_UNDECLARED_SELECTOR = YES;
				GCC_WARN_UNINITIALIZED_AUTOS = YES_AGGRESSIVE;
				GCC_WARN_UNUSED_FUNCTION = YES;
				GCC_WARN_UNUSED_VARIABLE = YES;
				MACOSX_DEPLOYMENT_TARGET = 10.14;
				MTL_ENABLE_DEBUG_INFO = NO;
				MTL_FAST_MATH = YES;
				SDKROOT = macosx;
				SWIFT_COMPILATION_MODE = wholemodule;
				SWIFT_OPTIMIZATION_LEVEL = "-O";
			};
			name = Release;
		};
		A479B0F02249AD15009F4BB9 /* Debug */ = {
			isa = XCBuildConfiguration;
			baseConfigurationReference = 53A723408006D067F5169E34 /* Pods-LBook.debug.xcconfig */;
			buildSettings = {
				ASSETCATALOG_COMPILER_APPICON_NAME = AppIcon;
				CODE_SIGN_ENTITLEMENTS = LBook/LBook.entitlements;
				CODE_SIGN_IDENTITY = "Mac Developer";
				CODE_SIGN_STYLE = Automatic;
				COMBINE_HIDPI_IMAGES = YES;
				DEVELOPMENT_TEAM = 9E7Y9QZC52;
				INFOPLIST_FILE = LBook/Info.plist;
				LD_RUNPATH_SEARCH_PATHS = (
					"$(inherited)",
					"@executable_path/../Frameworks",
				);
				PRODUCT_BUNDLE_IDENTIFIER = com.virtualpianist.LBook;
				PRODUCT_NAME = "$(TARGET_NAME)";
				PROVISIONING_PROFILE_SPECIFIER = "";
				SWIFT_VERSION = 4.2;
			};
			name = Debug;
		};
		A479B0F12249AD15009F4BB9 /* Release */ = {
			isa = XCBuildConfiguration;
			baseConfigurationReference = 40B38F37968DADBED2FA9831 /* Pods-LBook.release.xcconfig */;
			buildSettings = {
				ASSETCATALOG_COMPILER_APPICON_NAME = AppIcon;
				CODE_SIGN_ENTITLEMENTS = LBook/LBook.entitlements;
				CODE_SIGN_IDENTITY = "Mac Developer";
				CODE_SIGN_STYLE = Automatic;
				COMBINE_HIDPI_IMAGES = YES;
				DEVELOPMENT_TEAM = 9E7Y9QZC52;
				INFOPLIST_FILE = LBook/Info.plist;
				LD_RUNPATH_SEARCH_PATHS = (
					"$(inherited)",
					"@executable_path/../Frameworks",
				);
				PRODUCT_BUNDLE_IDENTIFIER = com.virtualpianist.LBook;
				PRODUCT_NAME = "$(TARGET_NAME)";
				PROVISIONING_PROFILE_SPECIFIER = "";
				SWIFT_VERSION = 4.2;
			};
			name = Release;
		};
		A479B0F32249AD15009F4BB9 /* Debug */ = {
			isa = XCBuildConfiguration;
			baseConfigurationReference = 81B442B6E89AB932854E6200 /* Pods-LBookTests.debug.xcconfig */;
			buildSettings = {
				ALWAYS_EMBED_SWIFT_STANDARD_LIBRARIES = YES;
				BUNDLE_LOADER = "$(TEST_HOST)";
				CODE_SIGN_STYLE = Automatic;
				COMBINE_HIDPI_IMAGES = YES;
				DEVELOPMENT_TEAM = 9E7Y9QZC52;
				INFOPLIST_FILE = LBookTests/Info.plist;
				LD_RUNPATH_SEARCH_PATHS = (
					"$(inherited)",
					"@executable_path/../Frameworks",
					"@loader_path/../Frameworks",
				);
				PRODUCT_BUNDLE_IDENTIFIER = com.virtualpianist.LBookTests;
				PRODUCT_NAME = "$(TARGET_NAME)";
				SWIFT_VERSION = 4.2;
				TEST_HOST = "$(BUILT_PRODUCTS_DIR)/LBook.app/Contents/MacOS/LBook";
			};
			name = Debug;
		};
		A479B0F42249AD15009F4BB9 /* Release */ = {
			isa = XCBuildConfiguration;
			baseConfigurationReference = 114EB9EEE72F92551D7CBBC9 /* Pods-LBookTests.release.xcconfig */;
			buildSettings = {
				ALWAYS_EMBED_SWIFT_STANDARD_LIBRARIES = YES;
				BUNDLE_LOADER = "$(TEST_HOST)";
				CODE_SIGN_STYLE = Automatic;
				COMBINE_HIDPI_IMAGES = YES;
				DEVELOPMENT_TEAM = 9E7Y9QZC52;
				INFOPLIST_FILE = LBookTests/Info.plist;
				LD_RUNPATH_SEARCH_PATHS = (
					"$(inherited)",
					"@executable_path/../Frameworks",
					"@loader_path/../Frameworks",
				);
				PRODUCT_BUNDLE_IDENTIFIER = com.virtualpianist.LBookTests;
				PRODUCT_NAME = "$(TARGET_NAME)";
				SWIFT_VERSION = 4.2;
				TEST_HOST = "$(BUILT_PRODUCTS_DIR)/LBook.app/Contents/MacOS/LBook";
			};
			name = Release;
		};
		A479B0F62249AD15009F4BB9 /* Debug */ = {
			isa = XCBuildConfiguration;
			baseConfigurationReference = 6C03EFE053F3ABC5A5B614F8 /* Pods-LBookUITests.debug.xcconfig */;
			buildSettings = {
				ALWAYS_EMBED_SWIFT_STANDARD_LIBRARIES = YES;
				CODE_SIGN_STYLE = Automatic;
				COMBINE_HIDPI_IMAGES = YES;
				DEVELOPMENT_TEAM = 9E7Y9QZC52;
				INFOPLIST_FILE = LBookUITests/Info.plist;
				LD_RUNPATH_SEARCH_PATHS = (
					"$(inherited)",
					"@executable_path/../Frameworks",
					"@loader_path/../Frameworks",
				);
				PRODUCT_BUNDLE_IDENTIFIER = com.virtualpianist.LBookUITests;
				PRODUCT_NAME = "$(TARGET_NAME)";
				SWIFT_VERSION = 4.2;
				TEST_TARGET_NAME = LBook;
			};
			name = Debug;
		};
		A479B0F72249AD15009F4BB9 /* Release */ = {
			isa = XCBuildConfiguration;
			baseConfigurationReference = FC92567E01341713B063BFFF /* Pods-LBookUITests.release.xcconfig */;
			buildSettings = {
				ALWAYS_EMBED_SWIFT_STANDARD_LIBRARIES = YES;
				CODE_SIGN_STYLE = Automatic;
				COMBINE_HIDPI_IMAGES = YES;
				DEVELOPMENT_TEAM = 9E7Y9QZC52;
				INFOPLIST_FILE = LBookUITests/Info.plist;
				LD_RUNPATH_SEARCH_PATHS = (
					"$(inherited)",
					"@executable_path/../Frameworks",
					"@loader_path/../Frameworks",
				);
				PRODUCT_BUNDLE_IDENTIFIER = com.virtualpianist.LBookUITests;
				PRODUCT_NAME = "$(TARGET_NAME)";
				SWIFT_VERSION = 4.2;
				TEST_TARGET_NAME = LBook;
			};
			name = Release;
		};
/* End XCBuildConfiguration section */

/* Begin XCConfigurationList section */
		A479B0C12249AD14009F4BB9 /* Build configuration list for PBXProject "LBook" */ = {
			isa = XCConfigurationList;
			buildConfigurations = (
				A479B0ED2249AD15009F4BB9 /* Debug */,
				A479B0EE2249AD15009F4BB9 /* Release */,
			);
			defaultConfigurationIsVisible = 0;
			defaultConfigurationName = Release;
		};
		A479B0EF2249AD15009F4BB9 /* Build configuration list for PBXNativeTarget "LBook" */ = {
			isa = XCConfigurationList;
			buildConfigurations = (
				A479B0F02249AD15009F4BB9 /* Debug */,
				A479B0F12249AD15009F4BB9 /* Release */,
			);
			defaultConfigurationIsVisible = 0;
			defaultConfigurationName = Release;
		};
		A479B0F22249AD15009F4BB9 /* Build configuration list for PBXNativeTarget "LBookTests" */ = {
			isa = XCConfigurationList;
			buildConfigurations = (
				A479B0F32249AD15009F4BB9 /* Debug */,
				A479B0F42249AD15009F4BB9 /* Release */,
			);
			defaultConfigurationIsVisible = 0;
			defaultConfigurationName = Release;
		};
		A479B0F52249AD15009F4BB9 /* Build configuration list for PBXNativeTarget "LBookUITests" */ = {
			isa = XCConfigurationList;
			buildConfigurations = (
				A479B0F62249AD15009F4BB9 /* Debug */,
				A479B0F72249AD15009F4BB9 /* Release */,
			);
			defaultConfigurationIsVisible = 0;
			defaultConfigurationName = Release;
		};
/* End XCConfigurationList section */

/* Begin XCVersionGroup section */
		A455B19E224E269D00BE23F6 /* LessonBookX.xcdatamodeld */ = {
			isa = XCVersionGroup;
			children = (
				A455B19F224E269D00BE23F6 /* LessonBookX.xcdatamodel */,
			);
			currentVersion = A455B19F224E269D00BE23F6 /* LessonBookX.xcdatamodel */;
			path = LessonBookX.xcdatamodeld;
			sourceTree = "<group>";
			versionGroupType = wrapper.xcdatamodel;
		};
/* End XCVersionGroup section */
	};
	rootObject = A479B0BE2249AD14009F4BB9 /* Project object */;
}
